
Microsoft Visual Studio Solution File, Format Version 12.00
# Visual Studio Version 17
VisualStudioVersion = 17.3.32825.248
MinimumVisualStudioVersion = 10.0.40219.1
Project("{FAE04EC0-301F-11D3-BF4B-00C04F79EFBC}") = "QuickstartSendgrid", "QuickstartSendgrid\QuickstartSendgrid.csproj", "{0DD6BD70-2331-4E28-9E0D-A4FEB4025BC2}"
EndProject
Global
	GlobalSection(SolutionConfigurationPlatforms) = preSolution
		Debug|Any CPU = Debug|Any CPU
		Release|Any CPU = Release|Any CPU
	EndGlobalSection
	GlobalSection(ProjectConfigurationPlatforms) = postSolution
		{0DD6BD70-2331-4E28-9E0D-A4FEB4025BC2}.Debug|Any CPU.ActiveCfg = Debug|Any CPU
		{0DD6BD70-2331-4E28-9E0D-A4FEB4025BC2}.Debug|Any CPU.Build.0 = Debug|Any CPU
		{0DD6BD70-2331-4E28-9E0D-A4FEB4025BC2}.Release|Any CPU.ActiveCfg = Release|Any CPU
		{0DD6BD70-2331-4E28-9E0D-A4FEB4025BC2}.Release|Any CPU.Build.0 = Release|Any CPU
	EndGlobalSection
	GlobalSection(SolutionProperties) = preSolution
		HideSolutionNode = FALSE
	EndGlobalSection
	GlobalSection(ExtensibilityGlobals) = postSolution
		SolutionGuid = {D61C6E7D-151F-439E-AC28-62A9C4FCDFB5}
	EndGlobalSection
EndGlobal
